
Microsoft Visual Studio Solution File, Format Version 12.00
# Visual Studio Version 16
Project("{2150E333-8FDC-42A3-9474-1A3956D46DE8}") = "CMakePredefinedTargets", "CMakePredefinedTargets", "{ACD072EF-598A-3827-99DD-97EA6DCF6002}"
EndProject
Project("{8BC9CEB8-8B4A-11D0-8D11-00A0C91BC942}") = "ALL_BUILD", "ALL_BUILD.vcxproj", "{C19FF4D4-35F4-3759-8972-4264F34C11E4}"
	ProjectSection(ProjectDependencies) = postProject
		{6F68DCF5-E648-39B2-A3BA-61A0E258D59C} = {6F68DCF5-E648-39B2-A3BA-61A0E258D59C}
	EndProjectSection
EndProject
Project("{8BC9CEB8-8B4A-11D0-8D11-00A0C91BC942}") = "GLUS", "GLUS.vcxproj", "{6F68DCF5-E648-39B2-A3BA-61A0E258D59C}"
	ProjectSection(ProjectDependencies) = postProject
	EndProjectSection
EndProject
Global
	GlobalSection(SolutionConfigurationPlatforms) = preSolution
		Debug|x64 = Debug|x64
		Release|x64 = Release|x64
		MinSizeRel|x64 = MinSizeRel|x64
		RelWithDebInfo|x64 = RelWithDebInfo|x64
	EndGlobalSection
	GlobalSection(ProjectConfigurationPlatforms) = postSolution
		{C19FF4D4-35F4-3759-8972-4264F34C11E4}.Debug|x64.ActiveCfg = Debug|x64
		{C19FF4D4-35F4-3759-8972-4264F34C11E4}.Release|x64.ActiveCfg = Release|x64
		{C19FF4D4-35F4-3759-8972-4264F34C11E4}.MinSizeRel|x64.ActiveCfg = MinSizeRel|x64
		{C19FF4D4-35F4-3759-8972-4264F34C11E4}.RelWithDebInfo|x64.ActiveCfg = RelWithDebInfo|x64
		{6F68DCF5-E648-39B2-A3BA-61A0E258D59C}.Debug|x64.ActiveCfg = Debug|x64
		{6F68DCF5-E648-39B2-A3BA-61A0E258D59C}.Debug|x64.Build.0 = Debug|x64
		{6F68DCF5-E648-39B2-A3BA-61A0E258D59C}.Release|x64.ActiveCfg = Release|x64
		{6F68DCF5-E648-39B2-A3BA-61A0E258D59C}.Release|x64.Build.0 = Release|x64
		{6F68DCF5-E648-39B2-A3BA-61A0E258D59C}.MinSizeRel|x64.ActiveCfg = MinSizeRel|x64
		{6F68DCF5-E648-39B2-A3BA-61A0E258D59C}.MinSizeRel|x64.Build.0 = MinSizeRel|x64
		{6F68DCF5-E648-39B2-A3BA-61A0E258D59C}.RelWithDebInfo|x64.ActiveCfg = RelWithDebInfo|x64
		{6F68DCF5-E648-39B2-A3BA-61A0E258D59C}.RelWithDebInfo|x64.Build.0 = RelWithDebInfo|x64
	EndGlobalSection
	GlobalSection(NestedProjects) = preSolution
		{C19FF4D4-35F4-3759-8972-4264F34C11E4} = {ACD072EF-598A-3827-99DD-97EA6DCF6002}
	EndGlobalSection
	GlobalSection(ExtensibilityGlobals) = postSolution
		SolutionGuid = {912A5B65-0FD0-3D43-95A8-E36FF6DBFF39}
	EndGlobalSection
	GlobalSection(ExtensibilityAddIns) = postSolution
	EndGlobalSection
EndGlobal
